// !$*UTF8*$!
{
	archiveVersion = 1;
	classes = {
	};
	objectVersion = 51;
	objects = {

/* Begin PBXBuildFile section */
		044FB51023D87A0400CA0F48 /* ProfileController.swift in Sources */ = {isa = PBXBuildFile; fileRef = 044FB50F23D87A0400CA0F48 /* ProfileController.swift */; };
		044FB51223D87A2E00CA0F48 /* MessageController.swift in Sources */ = {isa = PBXBuildFile; fileRef = 044FB51123D87A2E00CA0F48 /* MessageController.swift */; };
		044FB51923D87CA100CA0F48 /* FieldStyle1ProfileCell.swift in Sources */ = {isa = PBXBuildFile; fileRef = 044FB51723D87CA100CA0F48 /* FieldStyle1ProfileCell.swift */; };
		044FB51A23D87CA100CA0F48 /* FieldStyle1ProfileCell.xib in Resources */ = {isa = PBXBuildFile; fileRef = 044FB51823D87CA100CA0F48 /* FieldStyle1ProfileCell.xib */; };
		044FB51D23D87CC200CA0F48 /* FieldStyle2ProfileCell.swift in Sources */ = {isa = PBXBuildFile; fileRef = 044FB51B23D87CC200CA0F48 /* FieldStyle2ProfileCell.swift */; };
		044FB51E23D87CC200CA0F48 /* FieldStyle2ProfileCell.xib in Resources */ = {isa = PBXBuildFile; fileRef = 044FB51C23D87CC200CA0F48 /* FieldStyle2ProfileCell.xib */; };
		044FB52123D8843300CA0F48 /* FooterStyle1.swift in Sources */ = {isa = PBXBuildFile; fileRef = 044FB51F23D8843300CA0F48 /* FooterStyle1.swift */; };
		044FB52223D8843300CA0F48 /* FooterStyle1.xib in Resources */ = {isa = PBXBuildFile; fileRef = 044FB52023D8843300CA0F48 /* FooterStyle1.xib */; };
		044FB52F23D89ABC00CA0F48 /* SambagMonthYearPickerViewController.swift in Sources */ = {isa = PBXBuildFile; fileRef = 044FB52523D89ABB00CA0F48 /* SambagMonthYearPickerViewController.swift */; };
		044FB53023D89ABC00CA0F48 /* AlphaTransitioning.swift in Sources */ = {isa = PBXBuildFile; fileRef = 044FB52623D89ABB00CA0F48 /* AlphaTransitioning.swift */; };
		044FB53123D89ABC00CA0F48 /* SambagTimePickerViewController.swift in Sources */ = {isa = PBXBuildFile; fileRef = 044FB52723D89ABB00CA0F48 /* SambagTimePickerViewController.swift */; };
		044FB53223D89ABC00CA0F48 /* WheelViewController.swift in Sources */ = {isa = PBXBuildFile; fileRef = 044FB52823D89ABB00CA0F48 /* WheelViewController.swift */; };
		044FB53323D89ABC00CA0F48 /* SambagTheme.swift in Sources */ = {isa = PBXBuildFile; fileRef = 044FB52923D89ABB00CA0F48 /* SambagTheme.swift */; };
		044FB53423D89ABC00CA0F48 /* SambagMonthYearPickerResult.swift in Sources */ = {isa = PBXBuildFile; fileRef = 044FB52A23D89ABB00CA0F48 /* SambagMonthYearPickerResult.swift */; };
		044FB53523D89ABC00CA0F48 /* TimeMeridian.swift in Sources */ = {isa = PBXBuildFile; fileRef = 044FB52B23D89ABB00CA0F48 /* TimeMeridian.swift */; };
		044FB53623D89ABC00CA0F48 /* SambagTimePickerResult.swift in Sources */ = {isa = PBXBuildFile; fileRef = 044FB52C23D89ABB00CA0F48 /* SambagTimePickerResult.swift */; };
		044FB53723D89ABC00CA0F48 /* SambagDatePickerResult.swift in Sources */ = {isa = PBXBuildFile; fileRef = 044FB52D23D89ABB00CA0F48 /* SambagDatePickerResult.swift */; };
		044FB53823D89ABC00CA0F48 /* SambagDatePickerViewController.swift in Sources */ = {isa = PBXBuildFile; fileRef = 044FB52E23D89ABB00CA0F48 /* SambagDatePickerViewController.swift */; };
		044FB53A23D89E4A00CA0F48 /* EducationController.swift in Sources */ = {isa = PBXBuildFile; fileRef = 044FB53923D89E4A00CA0F48 /* EducationController.swift */; };
		044FB53C23D89E6700CA0F48 /* CareerController.swift in Sources */ = {isa = PBXBuildFile; fileRef = 044FB53B23D89E6700CA0F48 /* CareerController.swift */; };
		044FB53F23D8A81200CA0F48 /* PUGIFLoading.swift in Sources */ = {isa = PBXBuildFile; fileRef = 044FB53E23D8A81200CA0F48 /* PUGIFLoading.swift */; };
		044FB54123D8A86900CA0F48 /* loading.gif in Resources */ = {isa = PBXBuildFile; fileRef = 044FB54023D8A86900CA0F48 /* loading.gif */; };
		0481384C23D731E3006F1B32 /* fieldLoginRegis.swift in Sources */ = {isa = PBXBuildFile; fileRef = 0481384A23D731E3006F1B32 /* fieldLoginRegis.swift */; };
		0481384D23D731E3006F1B32 /* fieldLoginRegis.xib in Resources */ = {isa = PBXBuildFile; fileRef = 0481384B23D731E3006F1B32 /* fieldLoginRegis.xib */; };
		0481384F23D7448F006F1B32 /* FunctionGlobal.swift in Sources */ = {isa = PBXBuildFile; fileRef = 0481384E23D7448F006F1B32 /* FunctionGlobal.swift */; };
		0481385223D74728006F1B32 /* HeaderStyle1.swift in Sources */ = {isa = PBXBuildFile; fileRef = 0481385023D74728006F1B32 /* HeaderStyle1.swift */; };
		0481385323D74728006F1B32 /* HeaderStyle1.xib in Resources */ = {isa = PBXBuildFile; fileRef = 0481385123D74728006F1B32 /* HeaderStyle1.xib */; };
		0481385623D74CB2006F1B32 /* fieldOTPView.swift in Sources */ = {isa = PBXBuildFile; fileRef = 0481385423D74CB2006F1B32 /* fieldOTPView.swift */; };
		0481385723D74CB2006F1B32 /* fieldOTPView.xib in Resources */ = {isa = PBXBuildFile; fileRef = 0481385523D74CB2006F1B32 /* fieldOTPView.xib */; };
		0481385A23D755A6006F1B32 /* BannerImgCell.swift in Sources */ = {isa = PBXBuildFile; fileRef = 0481385823D755A6006F1B32 /* BannerImgCell.swift */; };
		0481385B23D755A6006F1B32 /* BannerImgCell.xib in Resources */ = {isa = PBXBuildFile; fileRef = 0481385923D755A6006F1B32 /* BannerImgCell.xib */; };
		0481385E23D75B44006F1B32 /* MenuHomeCell.swift in Sources */ = {isa = PBXBuildFile; fileRef = 0481385C23D75B44006F1B32 /* MenuHomeCell.swift */; };
		0481385F23D75B44006F1B32 /* MenuHomeCell.xib in Resources */ = {isa = PBXBuildFile; fileRef = 0481385D23D75B44006F1B32 /* MenuHomeCell.xib */; };
		1B9B8DFF02A49624BE233783 /* Pods_Privy_Prog.framework in Frameworks */ = {isa = PBXBuildFile; fileRef = 2B570E645ADD714DA33A13E2 /* Pods_Privy_Prog.framework */; };
		2D1E903423D5E856001C6B96 /* AppDelegate.swift in Sources */ = {isa = PBXBuildFile; fileRef = 2D1E903323D5E856001C6B96 /* AppDelegate.swift */; };
		2D1E903B23D5E858001C6B96 /* Assets.xcassets in Resources */ = {isa = PBXBuildFile; fileRef = 2D1E903A23D5E858001C6B96 /* Assets.xcassets */; };
		2D55A38723D60C220066E002 /* LaunchScreen.storyboard in Resources */ = {isa = PBXBuildFile; fileRef = 2D55A38323D60C220066E002 /* LaunchScreen.storyboard */; };
		2D55A38823D60C220066E002 /* Main.storyboard in Resources */ = {isa = PBXBuildFile; fileRef = 2D55A38523D60C220066E002 /* Main.storyboard */; };
		2D55A38D23D60CC70066E002 /* RegisterController.swift in Sources */ = {isa = PBXBuildFile; fileRef = 2D55A38C23D60CC70066E002 /* RegisterController.swift */; };
		2D55A39023D60D140066E002 /* Server.swift in Sources */ = {isa = PBXBuildFile; fileRef = 2D55A38F23D60D140066E002 /* Server.swift */; };
		2D55A39223D60E270066E002 /* LoginController.swift in Sources */ = {isa = PBXBuildFile; fileRef = 2D55A39123D60E270066E002 /* LoginController.swift */; };
		2D55A39423D60E6C0066E002 /* OTPController.swift in Sources */ = {isa = PBXBuildFile; fileRef = 2D55A39323D60E6C0066E002 /* OTPController.swift */; };
		2D55A39823D60F4F0066E002 /* HomeController.swift in Sources */ = {isa = PBXBuildFile; fileRef = 2D55A39723D60F4F0066E002 /* HomeController.swift */; };
		2D55A39C23D60FC00066E002 /* Login.storyboard in Resources */ = {isa = PBXBuildFile; fileRef = 2D55A39A23D60FC00066E002 /* Login.storyboard */; };
/* End PBXBuildFile section */

/* Begin PBXFileReference section */
		044FB50F23D87A0400CA0F48 /* ProfileController.swift */ = {isa = PBXFileReference; lastKnownFileType = sourcecode.swift; path = ProfileController.swift; sourceTree = "<group>"; };
		044FB51123D87A2E00CA0F48 /* MessageController.swift */ = {isa = PBXFileReference; lastKnownFileType = sourcecode.swift; path = MessageController.swift; sourceTree = "<group>"; };
		044FB51723D87CA100CA0F48 /* FieldStyle1ProfileCell.swift */ = {isa = PBXFileReference; lastKnownFileType = sourcecode.swift; path = FieldStyle1ProfileCell.swift; sourceTree = "<group>"; };
		044FB51823D87CA100CA0F48 /* FieldStyle1ProfileCell.xib */ = {isa = PBXFileReference; lastKnownFileType = file.xib; path = FieldStyle1ProfileCell.xib; sourceTree = "<group>"; };
		044FB51B23D87CC200CA0F48 /* FieldStyle2ProfileCell.swift */ = {isa = PBXFileReference; lastKnownFileType = sourcecode.swift; path = FieldStyle2ProfileCell.swift; sourceTree = "<group>"; };
		044FB51C23D87CC200CA0F48 /* FieldStyle2ProfileCell.xib */ = {isa = PBXFileReference; lastKnownFileType = file.xib; path = FieldStyle2ProfileCell.xib; sourceTree = "<group>"; };
		044FB51F23D8843300CA0F48 /* FooterStyle1.swift */ = {isa = PBXFileReference; lastKnownFileType = sourcecode.swift; path = FooterStyle1.swift; sourceTree = "<group>"; };
		044FB52023D8843300CA0F48 /* FooterStyle1.xib */ = {isa = PBXFileReference; lastKnownFileType = file.xib; path = FooterStyle1.xib; sourceTree = "<group>"; };
		044FB52323D8915500CA0F48 /* All-Bridging-Header.h */ = {isa = PBXFileReference; lastKnownFileType = sourcecode.c.h; path = "All-Bridging-Header.h"; sourceTree = "<group>"; };
		044FB52523D89ABB00CA0F48 /* SambagMonthYearPickerViewController.swift */ = {isa = PBXFileReference; fileEncoding = 4; lastKnownFileType = sourcecode.swift; path = SambagMonthYearPickerViewController.swift; sourceTree = "<group>"; };
		044FB52623D89ABB00CA0F48 /* AlphaTransitioning.swift */ = {isa = PBXFileReference; fileEncoding = 4; lastKnownFileType = sourcecode.swift; path = AlphaTransitioning.swift; sourceTree = "<group>"; };
		044FB52723D89ABB00CA0F48 /* SambagTimePickerViewController.swift */ = {isa = PBXFileReference; fileEncoding = 4; lastKnownFileType = sourcecode.swift; path = SambagTimePickerViewController.swift; sourceTree = "<group>"; };
		044FB52823D89ABB00CA0F48 /* WheelViewController.swift */ = {isa = PBXFileReference; fileEncoding = 4; lastKnownFileType = sourcecode.swift; path = WheelViewController.swift; sourceTree = "<group>"; };
		044FB52923D89ABB00CA0F48 /* SambagTheme.swift */ = {isa = PBXFileReference; fileEncoding = 4; lastKnownFileType = sourcecode.swift; path = SambagTheme.swift; sourceTree = "<group>"; };
		044FB52A23D89ABB00CA0F48 /* SambagMonthYearPickerResult.swift */ = {isa = PBXFileReference; fileEncoding = 4; lastKnownFileType = sourcecode.swift; path = SambagMonthYearPickerResult.swift; sourceTree = "<group>"; };
		044FB52B23D89ABB00CA0F48 /* TimeMeridian.swift */ = {isa = PBXFileReference; fileEncoding = 4; lastKnownFileType = sourcecode.swift; path = TimeMeridian.swift; sourceTree = "<group>"; };
		044FB52C23D89ABB00CA0F48 /* SambagTimePickerResult.swift */ = {isa = PBXFileReference; fileEncoding = 4; lastKnownFileType = sourcecode.swift; path = SambagTimePickerResult.swift; sourceTree = "<group>"; };
		044FB52D23D89ABB00CA0F48 /* SambagDatePickerResult.swift */ = {isa = PBXFileReference; fileEncoding = 4; lastKnownFileType = sourcecode.swift; path = SambagDatePickerResult.swift; sourceTree = "<group>"; };
		044FB52E23D89ABB00CA0F48 /* SambagDatePickerViewController.swift */ = {isa = PBXFileReference; fileEncoding = 4; lastKnownFileType = sourcecode.swift; path = SambagDatePickerViewController.swift; sourceTree = "<group>"; };
		044FB53923D89E4A00CA0F48 /* EducationController.swift */ = {isa = PBXFileReference; lastKnownFileType = sourcecode.swift; path = EducationController.swift; sourceTree = "<group>"; };
		044FB53B23D89E6700CA0F48 /* CareerController.swift */ = {isa = PBXFileReference; lastKnownFileType = sourcecode.swift; path = CareerController.swift; sourceTree = "<group>"; };
		044FB53E23D8A81200CA0F48 /* PUGIFLoading.swift */ = {isa = PBXFileReference; fileEncoding = 4; lastKnownFileType = sourcecode.swift; path = PUGIFLoading.swift; sourceTree = "<group>"; };
		044FB54023D8A86900CA0F48 /* loading.gif */ = {isa = PBXFileReference; lastKnownFileType = image.gif; path = loading.gif; sourceTree = "<group>"; };
		0481384A23D731E3006F1B32 /* fieldLoginRegis.swift */ = {isa = PBXFileReference; lastKnownFileType = sourcecode.swift; path = fieldLoginRegis.swift; sourceTree = "<group>"; };
		0481384B23D731E3006F1B32 /* fieldLoginRegis.xib */ = {isa = PBXFileReference; lastKnownFileType = file.xib; path = fieldLoginRegis.xib; sourceTree = "<group>"; };
		0481384E23D7448F006F1B32 /* FunctionGlobal.swift */ = {isa = PBXFileReference; lastKnownFileType = sourcecode.swift; path = FunctionGlobal.swift; sourceTree = "<group>"; };
		0481385023D74728006F1B32 /* HeaderStyle1.swift */ = {isa = PBXFileReference; lastKnownFileType = sourcecode.swift; path = HeaderStyle1.swift; sourceTree = "<group>"; };
		0481385123D74728006F1B32 /* HeaderStyle1.xib */ = {isa = PBXFileReference; lastKnownFileType = file.xib; path = HeaderStyle1.xib; sourceTree = "<group>"; };
		0481385423D74CB2006F1B32 /* fieldOTPView.swift */ = {isa = PBXFileReference; lastKnownFileType = sourcecode.swift; path = fieldOTPView.swift; sourceTree = "<group>"; };
		0481385523D74CB2006F1B32 /* fieldOTPView.xib */ = {isa = PBXFileReference; lastKnownFileType = file.xib; path = fieldOTPView.xib; sourceTree = "<group>"; };
		0481385823D755A6006F1B32 /* BannerImgCell.swift */ = {isa = PBXFileReference; lastKnownFileType = sourcecode.swift; path = BannerImgCell.swift; sourceTree = "<group>"; };
		0481385923D755A6006F1B32 /* BannerImgCell.xib */ = {isa = PBXFileReference; lastKnownFileType = file.xib; path = BannerImgCell.xib; sourceTree = "<group>"; };
		0481385C23D75B44006F1B32 /* MenuHomeCell.swift */ = {isa = PBXFileReference; lastKnownFileType = sourcecode.swift; path = MenuHomeCell.swift; sourceTree = "<group>"; };
		0481385D23D75B44006F1B32 /* MenuHomeCell.xib */ = {isa = PBXFileReference; lastKnownFileType = file.xib; path = MenuHomeCell.xib; sourceTree = "<group>"; };
		1071ABC4540BAA9175ED7F97 /* Pods-Privy Prog.debug.xcconfig */ = {isa = PBXFileReference; includeInIndex = 1; lastKnownFileType = text.xcconfig; name = "Pods-Privy Prog.debug.xcconfig"; path = "Target Support Files/Pods-Privy Prog/Pods-Privy Prog.debug.xcconfig"; sourceTree = "<group>"; };
		2B570E645ADD714DA33A13E2 /* Pods_Privy_Prog.framework */ = {isa = PBXFileReference; explicitFileType = wrapper.framework; includeInIndex = 0; path = Pods_Privy_Prog.framework; sourceTree = BUILT_PRODUCTS_DIR; };
		2D1E903023D5E856001C6B96 /* Privy Prog.app */ = {isa = PBXFileReference; explicitFileType = wrapper.application; includeInIndex = 0; path = "Privy Prog.app"; sourceTree = BUILT_PRODUCTS_DIR; };
		2D1E903323D5E856001C6B96 /* AppDelegate.swift */ = {isa = PBXFileReference; lastKnownFileType = sourcecode.swift; path = AppDelegate.swift; sourceTree = "<group>"; };
		2D1E903A23D5E858001C6B96 /* Assets.xcassets */ = {isa = PBXFileReference; lastKnownFileType = folder.assetcatalog; path = Assets.xcassets; sourceTree = "<group>"; };
		2D1E903F23D5E858001C6B96 /* Info.plist */ = {isa = PBXFileReference; lastKnownFileType = text.plist.xml; path = Info.plist; sourceTree = "<group>"; };
		2D55A38423D60C220066E002 /* Base */ = {isa = PBXFileReference; lastKnownFileType = file.storyboard; name = Base; path = LaunchScreen.storyboard; sourceTree = "<group>"; };
		2D55A38623D60C220066E002 /* Base */ = {isa = PBXFileReference; lastKnownFileType = file.storyboard; name = Base; path = Main.storyboard; sourceTree = "<group>"; };
		2D55A38C23D60CC70066E002 /* RegisterController.swift */ = {isa = PBXFileReference; fileEncoding = 4; lastKnownFileType = sourcecode.swift; path = RegisterController.swift; sourceTree = "<group>"; };
		2D55A38F23D60D140066E002 /* Server.swift */ = {isa = PBXFileReference; lastKnownFileType = sourcecode.swift; path = Server.swift; sourceTree = "<group>"; };
		2D55A39123D60E270066E002 /* LoginController.swift */ = {isa = PBXFileReference; lastKnownFileType = sourcecode.swift; path = LoginController.swift; sourceTree = "<group>"; };
		2D55A39323D60E6C0066E002 /* OTPController.swift */ = {isa = PBXFileReference; lastKnownFileType = sourcecode.swift; path = OTPController.swift; sourceTree = "<group>"; };
		2D55A39723D60F4F0066E002 /* HomeController.swift */ = {isa = PBXFileReference; lastKnownFileType = sourcecode.swift; path = HomeController.swift; sourceTree = "<group>"; };
		2D55A39B23D60FC00066E002 /* Base */ = {isa = PBXFileReference; lastKnownFileType = file.storyboard; name = Base; path = Login.storyboard; sourceTree = "<group>"; };
		895B1D9C2BC8D7AAA7CA0C5D /* Pods-Privy Prog.release.xcconfig */ = {isa = PBXFileReference; includeInIndex = 1; lastKnownFileType = text.xcconfig; name = "Pods-Privy Prog.release.xcconfig"; path = "Target Support Files/Pods-Privy Prog/Pods-Privy Prog.release.xcconfig"; sourceTree = "<group>"; };
/* End PBXFileReference section */

/* Begin PBXFrameworksBuildPhase section */
		2D1E902D23D5E856001C6B96 /* Frameworks */ = {
			isa = PBXFrameworksBuildPhase;
			buildActionMask = 2147483647;
			files = (
				1B9B8DFF02A49624BE233783 /* Pods_Privy_Prog.framework in Frameworks */,
			);
			runOnlyForDeploymentPostprocessing = 0;
		};
/* End PBXFrameworksBuildPhase section */

/* Begin PBXGroup section */
		044FB51323D87C3C00CA0F48 /* Message */ = {
			isa = PBXGroup;
			children = (
			);
			path = Message;
			sourceTree = "<group>";
		};
		044FB51423D87C3C00CA0F48 /* Profile */ = {
			isa = PBXGroup;
			children = (
				044FB51723D87CA100CA0F48 /* FieldStyle1ProfileCell.swift */,
				044FB51823D87CA100CA0F48 /* FieldStyle1ProfileCell.xib */,
				044FB51B23D87CC200CA0F48 /* FieldStyle2ProfileCell.swift */,
				044FB51C23D87CC200CA0F48 /* FieldStyle2ProfileCell.xib */,
			);
			path = Profile;
			sourceTree = "<group>";
		};
		044FB52423D89ABB00CA0F48 /* SambagDateTime */ = {
			isa = PBXGroup;
			children = (
				044FB52523D89ABB00CA0F48 /* SambagMonthYearPickerViewController.swift */,
				044FB52623D89ABB00CA0F48 /* AlphaTransitioning.swift */,
				044FB52723D89ABB00CA0F48 /* SambagTimePickerViewController.swift */,
				044FB52823D89ABB00CA0F48 /* WheelViewController.swift */,
				044FB52923D89ABB00CA0F48 /* SambagTheme.swift */,
				044FB52A23D89ABB00CA0F48 /* SambagMonthYearPickerResult.swift */,
				044FB52B23D89ABB00CA0F48 /* TimeMeridian.swift */,
				044FB52C23D89ABB00CA0F48 /* SambagTimePickerResult.swift */,
				044FB52D23D89ABB00CA0F48 /* SambagDatePickerResult.swift */,
				044FB52E23D89ABB00CA0F48 /* SambagDatePickerViewController.swift */,
			);
			path = SambagDateTime;
			sourceTree = "<group>";
		};
		044FB53D23D8A81200CA0F48 /* PUGifLoading */ = {
			isa = PBXGroup;
			children = (
				044FB53E23D8A81200CA0F48 /* PUGIFLoading.swift */,
			);
			path = PUGifLoading;
			sourceTree = "<group>";
		};
		2D1E902723D5E856001C6B96 = {
			isa = PBXGroup;
			children = (
				2D1E903223D5E856001C6B96 /* Privy Prog */,
				2D1E903123D5E856001C6B96 /* Products */,
				C068A2E1A02BC974B6D0BD15 /* Pods */,
				B4CB4CF2FEB94011ED97CD41 /* Frameworks */,
			);
			sourceTree = "<group>";
		};
		2D1E903123D5E856001C6B96 /* Products */ = {
			isa = PBXGroup;
			children = (
				2D1E903023D5E856001C6B96 /* Privy Prog.app */,
			);
			name = Products;
			sourceTree = "<group>";
		};
		2D1E903223D5E856001C6B96 /* Privy Prog */ = {
			isa = PBXGroup;
			children = (
				2D1E903323D5E856001C6B96 /* AppDelegate.swift */,
				2D1E903F23D5E858001C6B96 /* Info.plist */,
				2D1E903A23D5E858001C6B96 /* Assets.xcassets */,
				2D55A38223D60C220066E002 /* Base.lproj */,
				2D55A38123D60C080066E002 /* View */,
				2D55A37F23D60C080066E002 /* Controller */,
				2D55A38023D60C080066E002 /* System */,
			);
			path = "Privy Prog";
			sourceTree = "<group>";
		};
		2D55A37F23D60C080066E002 /* Controller */ = {
			isa = PBXGroup;
			children = (
				2D55A38B23D60CC70066E002 /* LoginRegis */,
				2D55A39623D60F370066E002 /* Home */,
			);
			path = Controller;
			sourceTree = "<group>";
		};
		2D55A38023D60C080066E002 /* System */ = {
			isa = PBXGroup;
			children = (
				044FB53D23D8A81200CA0F48 /* PUGifLoading */,
				044FB52423D89ABB00CA0F48 /* SambagDateTime */,
				044FB52323D8915500CA0F48 /* All-Bridging-Header.h */,
				044FB54023D8A86900CA0F48 /* loading.gif */,
				2D55A38F23D60D140066E002 /* Server.swift */,
				0481384E23D7448F006F1B32 /* FunctionGlobal.swift */,
			);
			path = System;
			sourceTree = "<group>";
		};
		2D55A38123D60C080066E002 /* View */ = {
			isa = PBXGroup;
			children = (
				0481385023D74728006F1B32 /* HeaderStyle1.swift */,
				0481385123D74728006F1B32 /* HeaderStyle1.xib */,
				044FB51F23D8843300CA0F48 /* FooterStyle1.swift */,
				044FB52023D8843300CA0F48 /* FooterStyle1.xib */,
				2D55A38E23D60D030066E002 /* LoginRegis */,
				2D55A39923D60F9A0066E002 /* Home */,
				044FB51423D87C3C00CA0F48 /* Profile */,
				044FB51323D87C3C00CA0F48 /* Message */,
			);
			path = View;
			sourceTree = "<group>";
		};
		2D55A38223D60C220066E002 /* Base.lproj */ = {
			isa = PBXGroup;
			children = (
				2D55A38323D60C220066E002 /* LaunchScreen.storyboard */,
				2D55A38523D60C220066E002 /* Main.storyboard */,
				2D55A39A23D60FC00066E002 /* Login.storyboard */,
			);
			path = Base.lproj;
			sourceTree = "<group>";
		};
		2D55A38B23D60CC70066E002 /* LoginRegis */ = {
			isa = PBXGroup;
			children = (
				2D55A39123D60E270066E002 /* LoginController.swift */,
				2D55A38C23D60CC70066E002 /* RegisterController.swift */,
				2D55A39323D60E6C0066E002 /* OTPController.swift */,
			);
			path = LoginRegis;
			sourceTree = "<group>";
		};
		2D55A38E23D60D030066E002 /* LoginRegis */ = {
			isa = PBXGroup;
			children = (
				0481384A23D731E3006F1B32 /* fieldLoginRegis.swift */,
				0481384B23D731E3006F1B32 /* fieldLoginRegis.xib */,
				0481385423D74CB2006F1B32 /* fieldOTPView.swift */,
				0481385523D74CB2006F1B32 /* fieldOTPView.xib */,
			);
			path = LoginRegis;
			sourceTree = "<group>";
		};
		2D55A39623D60F370066E002 /* Home */ = {
			isa = PBXGroup;
			children = (
				2D55A39723D60F4F0066E002 /* HomeController.swift */,
				044FB50F23D87A0400CA0F48 /* ProfileController.swift */,
				044FB53923D89E4A00CA0F48 /* EducationController.swift */,
				044FB53B23D89E6700CA0F48 /* CareerController.swift */,
				044FB51123D87A2E00CA0F48 /* MessageController.swift */,
			);
			path = Home;
			sourceTree = "<group>";
		};
		2D55A39923D60F9A0066E002 /* Home */ = {
			isa = PBXGroup;
			children = (
				0481385823D755A6006F1B32 /* BannerImgCell.swift */,
				0481385923D755A6006F1B32 /* BannerImgCell.xib */,
				0481385C23D75B44006F1B32 /* MenuHomeCell.swift */,
				0481385D23D75B44006F1B32 /* MenuHomeCell.xib */,
			);
			path = Home;
			sourceTree = "<group>";
		};
		B4CB4CF2FEB94011ED97CD41 /* Frameworks */ = {
			isa = PBXGroup;
			children = (
				2B570E645ADD714DA33A13E2 /* Pods_Privy_Prog.framework */,
			);
			name = Frameworks;
			sourceTree = "<group>";
		};
		C068A2E1A02BC974B6D0BD15 /* Pods */ = {
			isa = PBXGroup;
			children = (
				1071ABC4540BAA9175ED7F97 /* Pods-Privy Prog.debug.xcconfig */,
				895B1D9C2BC8D7AAA7CA0C5D /* Pods-Privy Prog.release.xcconfig */,
			);
			path = Pods;
			sourceTree = "<group>";
		};
/* End PBXGroup section */

/* Begin PBXNativeTarget section */
		2D1E902F23D5E856001C6B96 /* Privy Prog */ = {
			isa = PBXNativeTarget;
			buildConfigurationList = 2D1E904223D5E858001C6B96 /* Build configuration list for PBXNativeTarget "Privy Prog" */;
			buildPhases = (
				AC0E2F7941358C58C41F25A8 /* [CP] Check Pods Manifest.lock */,
				2D1E902C23D5E856001C6B96 /* Sources */,
				2D1E902D23D5E856001C6B96 /* Frameworks */,
				2D1E902E23D5E856001C6B96 /* Resources */,
				D8C5B5449CDD044258090116 /* [CP] Embed Pods Frameworks */,
			);
			buildRules = (
			);
			dependencies = (
			);
			name = "Privy Prog";
			productName = "Privy Prog";
			productReference = 2D1E903023D5E856001C6B96 /* Privy Prog.app */;
			productType = "com.apple.product-type.application";
		};
/* End PBXNativeTarget section */

/* Begin PBXProject section */
		2D1E902823D5E856001C6B96 /* Project object */ = {
			isa = PBXProject;
			attributes = {
				LastSwiftUpdateCheck = 1010;
				LastUpgradeCheck = 1010;
				ORGANIZATIONNAME = "denis tirta";
				TargetAttributes = {
					2D1E902F23D5E856001C6B96 = {
						CreatedOnToolsVersion = 10.1;
					};
				};
			};
			buildConfigurationList = 2D1E902B23D5E856001C6B96 /* Build configuration list for PBXProject "Privy Prog" */;
			compatibilityVersion = "Xcode 9.3";
			developmentRegion = en;
			hasScannedForEncodings = 0;
			knownRegions = (
				en,
				Base,
			);
			mainGroup = 2D1E902723D5E856001C6B96;
			productRefGroup = 2D1E903123D5E856001C6B96 /* Products */;
			projectDirPath = "";
			projectRoot = "";
			targets = (
				2D1E902F23D5E856001C6B96 /* Privy Prog */,
			);
		};
/* End PBXProject section */

/* Begin PBXResourcesBuildPhase section */
		2D1E902E23D5E856001C6B96 /* Resources */ = {
			isa = PBXResourcesBuildPhase;
			buildActionMask = 2147483647;
			files = (
				0481385323D74728006F1B32 /* HeaderStyle1.xib in Resources */,
				2D55A39C23D60FC00066E002 /* Login.storyboard in Resources */,
				0481384D23D731E3006F1B32 /* fieldLoginRegis.xib in Resources */,
				044FB51E23D87CC200CA0F48 /* FieldStyle2ProfileCell.xib in Resources */,
				0481385F23D75B44006F1B32 /* MenuHomeCell.xib in Resources */,
				2D55A38823D60C220066E002 /* Main.storyboard in Resources */,
				044FB52223D8843300CA0F48 /* FooterStyle1.xib in Resources */,
				2D55A38723D60C220066E002 /* LaunchScreen.storyboard in Resources */,
				0481385B23D755A6006F1B32 /* BannerImgCell.xib in Resources */,
				044FB54123D8A86900CA0F48 /* loading.gif in Resources */,
				2D1E903B23D5E858001C6B96 /* Assets.xcassets in Resources */,
				044FB51A23D87CA100CA0F48 /* FieldStyle1ProfileCell.xib in Resources */,
				0481385723D74CB2006F1B32 /* fieldOTPView.xib in Resources */,
			);
			runOnlyForDeploymentPostprocessing = 0;
		};
/* End PBXResourcesBuildPhase section */

/* Begin PBXShellScriptBuildPhase section */
		AC0E2F7941358C58C41F25A8 /* [CP] Check Pods Manifest.lock */ = {
			isa = PBXShellScriptBuildPhase;
			buildActionMask = 2147483647;
			files = (
			);
			inputFileListPaths = (
			);
			inputPaths = (
				"${PODS_PODFILE_DIR_PATH}/Podfile.lock",
				"${PODS_ROOT}/Manifest.lock",
			);
			name = "[CP] Check Pods Manifest.lock";
			outputFileListPaths = (
			);
			outputPaths = (
				"$(DERIVED_FILE_DIR)/Pods-Privy Prog-checkManifestLockResult.txt",
			);
			runOnlyForDeploymentPostprocessing = 0;
			shellPath = /bin/sh;
			shellScript = "diff \"${PODS_PODFILE_DIR_PATH}/Podfile.lock\" \"${PODS_ROOT}/Manifest.lock\" > /dev/null\nif [ $? != 0 ] ; then\n    # print error to STDERR\n    echo \"error: The sandbox is not in sync with the Podfile.lock. Run 'pod install' or update your CocoaPods installation.\" >&2\n    exit 1\nfi\n# This output is used by Xcode 'outputs' to avoid re-running this script phase.\necho \"SUCCESS\" > \"${SCRIPT_OUTPUT_FILE_0}\"\n";
			showEnvVarsInLog = 0;
		};
		D8C5B5449CDD044258090116 /* [CP] Embed Pods Frameworks */ = {
			isa = PBXShellScriptBuildPhase;
			buildActionMask = 2147483647;
			files = (
			);
			inputFileListPaths = (
				"${PODS_ROOT}/Target Support Files/Pods-Privy Prog/Pods-Privy Prog-frameworks-${CONFIGURATION}-input-files.xcfilelist",
			);
			name = "[CP] Embed Pods Frameworks";
			outputFileListPaths = (
				"${PODS_ROOT}/Target Support Files/Pods-Privy Prog/Pods-Privy Prog-frameworks-${CONFIGURATION}-output-files.xcfilelist",
			);
			runOnlyForDeploymentPostprocessing = 0;
			shellPath = /bin/sh;
			shellScript = "\"${PODS_ROOT}/Target Support Files/Pods-Privy Prog/Pods-Privy Prog-frameworks.sh\"\n";
			showEnvVarsInLog = 0;
		};
/* End PBXShellScriptBuildPhase section */

/* Begin PBXSourcesBuildPhase section */
		2D1E902C23D5E856001C6B96 /* Sources */ = {
			isa = PBXSourcesBuildPhase;
			buildActionMask = 2147483647;
			files = (
				044FB51923D87CA100CA0F48 /* FieldStyle1ProfileCell.swift in Sources */,
				2D1E903423D5E856001C6B96 /* AppDelegate.swift in Sources */,
				044FB53F23D8A81200CA0F48 /* PUGIFLoading.swift in Sources */,
				044FB53623D89ABC00CA0F48 /* SambagTimePickerResult.swift in Sources */,
				2D55A39223D60E270066E002 /* LoginController.swift in Sources */,
				044FB52F23D89ABC00CA0F48 /* SambagMonthYearPickerViewController.swift in Sources */,
				0481385223D74728006F1B32 /* HeaderStyle1.swift in Sources */,
				044FB53223D89ABC00CA0F48 /* WheelViewController.swift in Sources */,
				0481385623D74CB2006F1B32 /* fieldOTPView.swift in Sources */,
				2D55A39823D60F4F0066E002 /* HomeController.swift in Sources */,
				044FB51023D87A0400CA0F48 /* ProfileController.swift in Sources */,
				2D55A39423D60E6C0066E002 /* OTPController.swift in Sources */,
				044FB53C23D89E6700CA0F48 /* CareerController.swift in Sources */,
				2D55A39023D60D140066E002 /* Server.swift in Sources */,
				0481385A23D755A6006F1B32 /* BannerImgCell.swift in Sources */,
				044FB53723D89ABC00CA0F48 /* SambagDatePickerResult.swift in Sources */,
				044FB51223D87A2E00CA0F48 /* MessageController.swift in Sources */,
				044FB53523D89ABC00CA0F48 /* TimeMeridian.swift in Sources */,
				0481384C23D731E3006F1B32 /* fieldLoginRegis.swift in Sources */,
				0481384F23D7448F006F1B32 /* FunctionGlobal.swift in Sources */,
				044FB53123D89ABC00CA0F48 /* SambagTimePickerViewController.swift in Sources */,
				044FB53423D89ABC00CA0F48 /* SambagMonthYearPickerResult.swift in Sources */,
				044FB53A23D89E4A00CA0F48 /* EducationController.swift in Sources */,
				044FB53323D89ABC00CA0F48 /* SambagTheme.swift in Sources */,
				044FB52123D8843300CA0F48 /* FooterStyle1.swift in Sources */,
				2D55A38D23D60CC70066E002 /* RegisterController.swift in Sources */,
				0481385E23D75B44006F1B32 /* MenuHomeCell.swift in Sources */,
				044FB53823D89ABC00CA0F48 /* SambagDatePickerViewController.swift in Sources */,
				044FB51D23D87CC200CA0F48 /* FieldStyle2ProfileCell.swift in Sources */,
				044FB53023D89ABC00CA0F48 /* AlphaTransitioning.swift in Sources */,
			);
			runOnlyForDeploymentPostprocessing = 0;
		};
/* End PBXSourcesBuildPhase section */

/* Begin PBXVariantGroup section */
		2D55A38323D60C220066E002 /* LaunchScreen.storyboard */ = {
			isa = PBXVariantGroup;
			children = (
				2D55A38423D60C220066E002 /* Base */,
			);
			name = LaunchScreen.storyboard;
			sourceTree = "<group>";
		};
		2D55A38523D60C220066E002 /* Main.storyboard */ = {
			isa = PBXVariantGroup;
			children = (
				2D55A38623D60C220066E002 /* Base */,
			);
			name = Main.storyboard;
			sourceTree = "<group>";
		};
		2D55A39A23D60FC00066E002 /* Login.storyboard */ = {
			isa = PBXVariantGroup;
			children = (
				2D55A39B23D60FC00066E002 /* Base */,
			);
			name = Login.storyboard;
			sourceTree = "<group>";
		};
/* End PBXVariantGroup section */

/* Begin XCBuildConfiguration section */
		2D1E904023D5E858001C6B96 /* Debug */ = {
			isa = XCBuildConfiguration;
			buildSettings = {
				ALWAYS_SEARCH_USER_PATHS = NO;
				CLANG_ANALYZER_NONNULL = YES;
				CLANG_ANALYZER_NUMBER_OBJECT_CONVERSION = YES_AGGRESSIVE;
				CLANG_CXX_LANGUAGE_STANDARD = "gnu++14";
				CLANG_CXX_LIBRARY = "libc++";
				CLANG_ENABLE_MODULES = YES;
				CLANG_ENABLE_OBJC_ARC = YES;
				CLANG_ENABLE_OBJC_WEAK = YES;
				CLANG_WARN_BLOCK_CAPTURE_AUTORELEASING = YES;
				CLANG_WARN_BOOL_CONVERSION = YES;
				CLANG_WARN_COMMA = YES;
				CLANG_WARN_CONSTANT_CONVERSION = YES;
				CLANG_WARN_DEPRECATED_OBJC_IMPLEMENTATIONS = YES;
				CLANG_WARN_DIRECT_OBJC_ISA_USAGE = YES_ERROR;
				CLANG_WARN_DOCUMENTATION_COMMENTS = YES;
				CLANG_WARN_EMPTY_BODY = YES;
				CLANG_WARN_ENUM_CONVERSION = YES;
				CLANG_WARN_INFINITE_RECURSION = YES;
				CLANG_WARN_INT_CONVERSION = YES;
				CLANG_WARN_NON_LITERAL_NULL_CONVERSION = YES;
				CLANG_WARN_OBJC_IMPLICIT_RETAIN_SELF = YES;
				CLANG_WARN_OBJC_LITERAL_CONVERSION = YES;
				CLANG_WARN_OBJC_ROOT_CLASS = YES_ERROR;
				CLANG_WARN_RANGE_LOOP_ANALYSIS = YES;
				CLANG_WARN_STRICT_PROTOTYPES = YES;
				CLANG_WARN_SUSPICIOUS_MOVE = YES;
				CLANG_WARN_UNGUARDED_AVAILABILITY = YES_AGGRESSIVE;
				CLANG_WARN_UNREACHABLE_CODE = YES;
				CLANG_WARN__DUPLICATE_METHOD_MATCH = YES;
				CODE_SIGN_IDENTITY = "iPhone Developer";
				COPY_PHASE_STRIP = NO;
				DEBUG_INFORMATION_FORMAT = dwarf;
				ENABLE_STRICT_OBJC_MSGSEND = YES;
				ENABLE_TESTABILITY = YES;
				GCC_C_LANGUAGE_STANDARD = gnu11;
				GCC_DYNAMIC_NO_PIC = NO;
				GCC_NO_COMMON_BLOCKS = YES;
				GCC_OPTIMIZATION_LEVEL = 0;
				GCC_PREPROCESSOR_DEFINITIONS = (
					"DEBUG=1",
					"$(inherited)",
				);
				GCC_WARN_64_TO_32_BIT_CONVERSION = YES;
				GCC_WARN_ABOUT_RETURN_TYPE = YES_ERROR;
				GCC_WARN_UNDECLARED_SELECTOR = YES;
				GCC_WARN_UNINITIALIZED_AUTOS = YES_AGGRESSIVE;
				GCC_WARN_UNUSED_FUNCTION = YES;
				GCC_WARN_UNUSED_VARIABLE = YES;
				IPHONEOS_DEPLOYMENT_TARGET = 12.1;
				MTL_ENABLE_DEBUG_INFO = INCLUDE_SOURCE;
				MTL_FAST_MATH = YES;
				ONLY_ACTIVE_ARCH = YES;
				SDKROOT = iphoneos;
				SWIFT_ACTIVE_COMPILATION_CONDITIONS = DEBUG;
				SWIFT_OPTIMIZATION_LEVEL = "-Onone";
			};
			name = Debug;
		};
		2D1E904123D5E858001C6B96 /* Release */ = {
			isa = XCBuildConfiguration;
			buildSettings = {
				ALWAYS_SEARCH_USER_PATHS = NO;
				CLANG_ANALYZER_NONNULL = YES;
				CLANG_ANALYZER_NUMBER_OBJECT_CONVERSION = YES_AGGRESSIVE;
				CLANG_CXX_LANGUAGE_STANDARD = "gnu++14";
				CLANG_CXX_LIBRARY = "libc++";
				CLANG_ENABLE_MODULES = YES;
				CLANG_ENABLE_OBJC_ARC = YES;
				CLANG_ENABLE_OBJC_WEAK = YES;
				CLANG_WARN_BLOCK_CAPTURE_AUTORELEASING = YES;
				CLANG_WARN_BOOL_CONVERSION = YES;
				CLANG_WARN_COMMA = YES;
				CLANG_WARN_CONSTANT_CONVERSION = YES;
				CLANG_WARN_DEPRECATED_OBJC_IMPLEMENTATIONS = YES;
				CLANG_WARN_DIRECT_OBJC_ISA_USAGE = YES_ERROR;
				CLANG_WARN_DOCUMENTATION_COMMENTS = YES;
				CLANG_WARN_EMPTY_BODY = YES;
				CLANG_WARN_ENUM_CONVERSION = YES;
				CLANG_WARN_INFINITE_RECURSION = YES;
				CLANG_WARN_INT_CONVERSION = YES;
				CLANG_WARN_NON_LITERAL_NULL_CONVERSION = YES;
				CLANG_WARN_OBJC_IMPLICIT_RETAIN_SELF = YES;
				CLANG_WARN_OBJC_LITERAL_CONVERSION = YES;
				CLANG_WARN_OBJC_ROOT_CLASS = YES_ERROR;
				CLANG_WARN_RANGE_LOOP_ANALYSIS = YES;
				CLANG_WARN_STRICT_PROTOTYPES = YES;
				CLANG_WARN_SUSPICIOUS_MOVE = YES;
				CLANG_WARN_UNGUARDED_AVAILABILITY = YES_AGGRESSIVE;
				CLANG_WARN_UNREACHABLE_CODE = YES;
				CLANG_WARN__DUPLICATE_METHOD_MATCH = YES;
				CODE_SIGN_IDENTITY = "iPhone Developer";
				COPY_PHASE_STRIP = NO;
				DEBUG_INFORMATION_FORMAT = "dwarf-with-dsym";
				ENABLE_NS_ASSERTIONS = NO;
				ENABLE_STRICT_OBJC_MSGSEND = YES;
				GCC_C_LANGUAGE_STANDARD = gnu11;
				GCC_NO_COMMON_BLOCKS = YES;
				GCC_WARN_64_TO_32_BIT_CONVERSION = YES;
				GCC_WARN_ABOUT_RETURN_TYPE = YES_ERROR;
				GCC_WARN_UNDECLARED_SELECTOR = YES;
				GCC_WARN_UNINITIALIZED_AUTOS = YES_AGGRESSIVE;
				GCC_WARN_UNUSED_FUNCTION = YES;
				GCC_WARN_UNUSED_VARIABLE = YES;
				IPHONEOS_DEPLOYMENT_TARGET = 12.1;
				MTL_ENABLE_DEBUG_INFO = NO;
				MTL_FAST_MATH = YES;
				SDKROOT = iphoneos;
				SWIFT_COMPILATION_MODE = wholemodule;
				SWIFT_OPTIMIZATION_LEVEL = "-O";
				VALIDATE_PRODUCT = YES;
			};
			name = Release;
		};
		2D1E904323D5E858001C6B96 /* Debug */ = {
			isa = XCBuildConfiguration;
			baseConfigurationReference = 1071ABC4540BAA9175ED7F97 /* Pods-Privy Prog.debug.xcconfig */;
			buildSettings = {
				ASSETCATALOG_COMPILER_APPICON_NAME = AppIcon;
				CODE_SIGN_STYLE = Automatic;
				INFOPLIST_FILE = "Privy Prog/Info.plist";
				IPHONEOS_DEPLOYMENT_TARGET = 9.0;
				LD_RUNPATH_SEARCH_PATHS = (
					"$(inherited)",
					"@executable_path/Frameworks",
				);
				PRODUCT_BUNDLE_IDENTIFIER = "denis.tirta.Privy-Prog";
				PRODUCT_NAME = "$(TARGET_NAME)";
				SWIFT_OBJC_BRIDGING_HEADER = "$(PROJECT_NAME)/System/All-Bridging-Header.h";
				SWIFT_VERSION = 4.2;
				TARGETED_DEVICE_FAMILY = 1;
			};
			name = Debug;
		};
		2D1E904423D5E858001C6B96 /* Release */ = {
			isa = XCBuildConfiguration;
			baseConfigurationReference = 895B1D9C2BC8D7AAA7CA0C5D /* Pods-Privy Prog.release.xcconfig */;
			buildSettings = {
				ASSETCATALOG_COMPILER_APPICON_NAME = AppIcon;
				CODE_SIGN_STYLE = Automatic;
				INFOPLIST_FILE = "Privy Prog/Info.plist";
				IPHONEOS_DEPLOYMENT_TARGET = 9.0;
				LD_RUNPATH_SEARCH_PATHS = (
					"$(inherited)",
					"@executable_path/Frameworks",
				);
				PRODUCT_BUNDLE_IDENTIFIER = "denis.tirta.Privy-Prog";
				PRODUCT_NAME = "$(TARGET_NAME)";
				SWIFT_OBJC_BRIDGING_HEADER = "$(PROJECT_NAME)/System/All-Bridging-Header.h";
				SWIFT_VERSION = 4.2;
				TARGETED_DEVICE_FAMILY = 1;
			};
			name = Release;
		};
/* End XCBuildConfiguration section */

/* Begin XCConfigurationList section */
		2D1E902B23D5E856001C6B96 /* Build configuration list for PBXProject "Privy Prog" */ = {
			isa = XCConfigurationList;
			buildConfigurations = (
				2D1E904023D5E858001C6B96 /* Debug */,
				2D1E904123D5E858001C6B96 /* Release */,
			);
			defaultConfigurationIsVisible = 0;
			defaultConfigurationName = Release;
		};
		2D1E904223D5E858001C6B96 /* Build configuration list for PBXNativeTarget "Privy Prog" */ = {
			isa = XCConfigurationList;
			buildConfigurations = (
				2D1E904323D5E858001C6B96 /* Debug */,
				2D1E904423D5E858001C6B96 /* Release */,
			);
			defaultConfigurationIsVisible = 0;
			defaultConfigurationName = Release;
		};
/* End XCConfigurationList section */
	};
	rootObject = 2D1E902823D5E856001C6B96 /* Project object */;
}
